
Microsoft Visual Studio Solution File, Format Version 12.00
# Visual Studio Version 16
VisualStudioVersion = 16.0.810.14
MinimumVisualStudioVersion = 10.0.40219.1
Project("{FAE04EC0-301F-11D3-BF4B-00C04F79EFBC}") = "TodoApp", "TodoApp.csproj", "{30C26605-4EE8-4D74-844B-BFE5ED51C858}"
EndProject
Global
	GlobalSection(SolutionConfigurationPlatforms) = preSolution
		Debug|Any CPU = Debug|Any CPU
		Release|Any CPU = Release|Any CPU
	EndGlobalSection
	GlobalSection(ProjectConfigurationPlatforms) = postSolution
		{30C26605-4EE8-4D74-844B-BFE5ED51C858}.Debug|Any CPU.ActiveCfg = Debug|Any CPU
		{30C26605-4EE8-4D74-844B-BFE5ED51C858}.Debug|Any CPU.Build.0 = Debug|Any CPU
		{30C26605-4EE8-4D74-844B-BFE5ED51C858}.Release|Any CPU.ActiveCfg = Release|Any CPU
		{30C26605-4EE8-4D74-844B-BFE5ED51C858}.Release|Any CPU.Build.0 = Release|Any CPU
	EndGlobalSection
	GlobalSection(SolutionProperties) = preSolution
		HideSolutionNode = FALSE
	EndGlobalSection
	GlobalSection(ExtensibilityGlobals) = postSolution
		SolutionGuid = {81B1AD0D-A06F-4141-9C08-F4754078726B}
	EndGlobalSection
EndGlobal
